PODS:
  - PromiseKit/CorePromise (4.5.2)

DEPENDENCIES:
  - PromiseKit/CorePromise (~> 4.5)

SPEC REPOS:
  https://github.com/cocoapods/specs.git:
    - PromiseKit

SPEC CHECKSUMS:
  PromiseKit: 743e497a5f505a470d3bbbf4ce0663c1268af0a4

PODFILE CHECKSUM: 60ab56501aab41990f31571bfb61130ec2f913ec

COCOAPODS: 1.7.2
