// !$*UTF8*$!
{
	archiveVersion = 1;
	classes = {
	};
	objectVersion = 51;
	objects = {

/* Begin PBXBuildFile section */
		08B3D7EC22F3C896006A719F /* AppDelegate.swift in Sources */ = {isa = PBXBuildFile; fileRef = 08B3D7EB22F3C896006A719F /* AppDelegate.swift */; };
		08B3D7EE22F3C896006A719F /* MainViewController.swift in Sources */ = {isa = PBXBuildFile; fileRef = 08B3D7ED22F3C896006A719F /* MainViewController.swift */; };
		08B3D7F122F3C896006A719F /* Main.storyboard in Resources */ = {isa = PBXBuildFile; fileRef = 08B3D7EF22F3C896006A719F /* Main.storyboard */; };
		08B3D7F422F3C896006A719F /* PromisePlayground.xcdatamodeld in Sources */ = {isa = PBXBuildFile; fileRef = 08B3D7F222F3C896006A719F /* PromisePlayground.xcdatamodeld */; };
		08B3D7F622F3C899006A719F /* Assets.xcassets in Resources */ = {isa = PBXBuildFile; fileRef = 08B3D7F522F3C899006A719F /* Assets.xcassets */; };
		08B3D7F922F3C899006A719F /* LaunchScreen.storyboard in Resources */ = {isa = PBXBuildFile; fileRef = 08B3D7F722F3C899006A719F /* LaunchScreen.storyboard */; };
		74FB946CA37CA4DD2BD0CBAE /* Pods_PromisePlayground.framework in Frameworks */ = {isa = PBXBuildFile; fileRef = C27640ED09F39D961E0C00F8 /* Pods_PromisePlayground.framework */; };
/* End PBXBuildFile section */

/* Begin PBXFileReference section */
		08B3D7E822F3C896006A719F /* PromisePlayground.app */ = {isa = PBXFileReference; explicitFileType = wrapper.application; includeInIndex = 0; path = PromisePlayground.app; sourceTree = BUILT_PRODUCTS_DIR; };
		08B3D7EB22F3C896006A719F /* AppDelegate.swift */ = {isa = PBXFileReference; lastKnownFileType = sourcecode.swift; path = AppDelegate.swift; sourceTree = "<group>"; };
		08B3D7ED22F3C896006A719F /* MainViewController.swift */ = {isa = PBXFileReference; lastKnownFileType = sourcecode.swift; path = MainViewController.swift; sourceTree = "<group>"; };
		08B3D7F022F3C896006A719F /* Base */ = {isa = PBXFileReference; lastKnownFileType = file.storyboard; name = Base; path = Base.lproj/Main.storyboard; sourceTree = "<group>"; };
		08B3D7F322F3C896006A719F /* PromisePlayground.xcdatamodel */ = {isa = PBXFileReference; lastKnownFileType = wrapper.xcdatamodel; path = PromisePlayground.xcdatamodel; sourceTree = "<group>"; };
		08B3D7F522F3C899006A719F /* Assets.xcassets */ = {isa = PBXFileReference; lastKnownFileType = folder.assetcatalog; path = Assets.xcassets; sourceTree = "<group>"; };
		08B3D7F822F3C899006A719F /* Base */ = {isa = PBXFileReference; lastKnownFileType = file.storyboard; name = Base; path = Base.lproj/LaunchScreen.storyboard; sourceTree = "<group>"; };
		08B3D7FA22F3C899006A719F /* Info.plist */ = {isa = PBXFileReference; lastKnownFileType = text.plist.xml; path = Info.plist; sourceTree = "<group>"; };
		59DD6EC01D6D2573424D4FC8 /* Pods-PromisePlayground.release.xcconfig */ = {isa = PBXFileReference; includeInIndex = 1; lastKnownFileType = text.xcconfig; name = "Pods-PromisePlayground.release.xcconfig"; path = "Target Support Files/Pods-PromisePlayground/Pods-PromisePlayground.release.xcconfig"; sourceTree = "<group>"; };
		C27640ED09F39D961E0C00F8 /* Pods_PromisePlayground.framework */ = {isa = PBXFileReference; explicitFileType = wrapper.framework; includeInIndex = 0; path = Pods_PromisePlayground.framework; sourceTree = BUILT_PRODUCTS_DIR; };
		F8AC3CD54CE567A6419E5749 /* Pods-PromisePlayground.debug.xcconfig */ = {isa = PBXFileReference; includeInIndex = 1; lastKnownFileType = text.xcconfig; name = "Pods-PromisePlayground.debug.xcconfig"; path = "Target Support Files/Pods-PromisePlayground/Pods-PromisePlayground.debug.xcconfig"; sourceTree = "<group>"; };
/* End PBXFileReference section */

/* Begin PBXFrameworksBuildPhase section */
		08B3D7E522F3C896006A719F /* Frameworks */ = {
			isa = PBXFrameworksBuildPhase;
			buildActionMask = 2147483647;
			files = (
				74FB946CA37CA4DD2BD0CBAE /* Pods_PromisePlayground.framework in Frameworks */,
			);
			runOnlyForDeploymentPostprocessing = 0;
		};
/* End PBXFrameworksBuildPhase section */

/* Begin PBXGroup section */
		085C9195230D06670020F425 /* Views */ = {
			isa = PBXGroup;
			children = (
				08B3D7F722F3C899006A719F /* LaunchScreen.storyboard */,
				08B3D7ED22F3C896006A719F /* MainViewController.swift */,
				08B3D7EF22F3C896006A719F /* Main.storyboard */,
			);
			path = Views;
			sourceTree = "<group>";
		};
		08B3D7DF22F3C896006A719F = {
			isa = PBXGroup;
			children = (
				08B3D7EA22F3C896006A719F /* PromisePlayground */,
				08B3D7E922F3C896006A719F /* Products */,
				B1275D2FD09776856E3EFA2F /* Pods */,
				FC3F623077AA6AF0CC20281E /* Frameworks */,
			);
			sourceTree = "<group>";
		};
		08B3D7E922F3C896006A719F /* Products */ = {
			isa = PBXGroup;
			children = (
				08B3D7E822F3C896006A719F /* PromisePlayground.app */,
			);
			name = Products;
			sourceTree = "<group>";
		};
		08B3D7EA22F3C896006A719F /* PromisePlayground */ = {
			isa = PBXGroup;
			children = (
				085C9195230D06670020F425 /* Views */,
				08B3D7EB22F3C896006A719F /* AppDelegate.swift */,
				08B3D7F522F3C899006A719F /* Assets.xcassets */,
				08B3D7FA22F3C899006A719F /* Info.plist */,
				08B3D7F222F3C896006A719F /* PromisePlayground.xcdatamodeld */,
			);
			path = PromisePlayground;
			sourceTree = "<group>";
		};
		B1275D2FD09776856E3EFA2F /* Pods */ = {
			isa = PBXGroup;
			children = (
				F8AC3CD54CE567A6419E5749 /* Pods-PromisePlayground.debug.xcconfig */,
				59DD6EC01D6D2573424D4FC8 /* Pods-PromisePlayground.release.xcconfig */,
			);
			path = Pods;
			sourceTree = "<group>";
		};
		FC3F623077AA6AF0CC20281E /* Frameworks */ = {
			isa = PBXGroup;
			children = (
				C27640ED09F39D961E0C00F8 /* Pods_PromisePlayground.framework */,
			);
			name = Frameworks;
			sourceTree = "<group>";
		};
/* End PBXGroup section */

/* Begin PBXNativeTarget section */
		08B3D7E722F3C896006A719F /* PromisePlayground */ = {
			isa = PBXNativeTarget;
			buildConfigurationList = 08B3D7FD22F3C899006A719F /* Build configuration list for PBXNativeTarget "PromisePlayground" */;
			buildPhases = (
				35A37E220BAF3A2272BA6F1C /* [CP] Check Pods Manifest.lock */,
				08B3D7E422F3C896006A719F /* Sources */,
				08B3D7E522F3C896006A719F /* Frameworks */,
				08B3D7E622F3C896006A719F /* Resources */,
				2D6133313A15229C5FBC5A01 /* [CP] Embed Pods Frameworks */,
			);
			buildRules = (
			);
			dependencies = (
			);
			name = PromisePlayground;
			productName = PromisePlayground;
			productReference = 08B3D7E822F3C896006A719F /* PromisePlayground.app */;
			productType = "com.apple.product-type.application";
		};
/* End PBXNativeTarget section */

/* Begin PBXProject section */
		08B3D7E022F3C896006A719F /* Project object */ = {
			isa = PBXProject;
			attributes = {
				LastSwiftUpdateCheck = 1030;
				LastUpgradeCheck = 1030;
				ORGANIZATIONNAME = Kakeru;
				TargetAttributes = {
					08B3D7E722F3C896006A719F = {
						CreatedOnToolsVersion = 10.3;
					};
				};
			};
			buildConfigurationList = 08B3D7E322F3C896006A719F /* Build configuration list for PBXProject "PromisePlayground" */;
			compatibilityVersion = "Xcode 9.3";
			developmentRegion = en;
			hasScannedForEncodings = 0;
			knownRegions = (
				en,
				Base,
			);
			mainGroup = 08B3D7DF22F3C896006A719F;
			productRefGroup = 08B3D7E922F3C896006A719F /* Products */;
			projectDirPath = "";
			projectRoot = "";
			targets = (
				08B3D7E722F3C896006A719F /* PromisePlayground */,
			);
		};
/* End PBXProject section */

/* Begin PBXResourcesBuildPhase section */
		08B3D7E622F3C896006A719F /* Resources */ = {
			isa = PBXResourcesBuildPhase;
			buildActionMask = 2147483647;
			files = (
				08B3D7F922F3C899006A719F /* LaunchScreen.storyboard in Resources */,
				08B3D7F622F3C899006A719F /* Assets.xcassets in Resources */,
				08B3D7F122F3C896006A719F /* Main.storyboard in Resources */,
			);
			runOnlyForDeploymentPostprocessing = 0;
		};
/* End PBXResourcesBuildPhase section */

/* Begin PBXShellScriptBuildPhase section */
		2D6133313A15229C5FBC5A01 /* [CP] Embed Pods Frameworks */ = {
			isa = PBXShellScriptBuildPhase;
			buildActionMask = 2147483647;
			files = (
			);
			inputFileListPaths = (
				"${PODS_ROOT}/Target Support Files/Pods-PromisePlayground/Pods-PromisePlayground-frameworks-${CONFIGURATION}-input-files.xcfilelist",
			);
			name = "[CP] Embed Pods Frameworks";
			outputFileListPaths = (
				"${PODS_ROOT}/Target Support Files/Pods-PromisePlayground/Pods-PromisePlayground-frameworks-${CONFIGURATION}-output-files.xcfilelist",
			);
			runOnlyForDeploymentPostprocessing = 0;
			shellPath = /bin/sh;
			shellScript = "\"${PODS_ROOT}/Target Support Files/Pods-PromisePlayground/Pods-PromisePlayground-frameworks.sh\"\n";
			showEnvVarsInLog = 0;
		};
		35A37E220BAF3A2272BA6F1C /* [CP] Check Pods Manifest.lock */ = {
			isa = PBXShellScriptBuildPhase;
			buildActionMask = 2147483647;
			files = (
			);
			inputFileListPaths = (
			);
			inputPaths = (
				"${PODS_PODFILE_DIR_PATH}/Podfile.lock",
				"${PODS_ROOT}/Manifest.lock",
			);
			name = "[CP] Check Pods Manifest.lock";
			outputFileListPaths = (
			);
			outputPaths = (
				"$(DERIVED_FILE_DIR)/Pods-PromisePlayground-checkManifestLockResult.txt",
			);
			runOnlyForDeploymentPostprocessing = 0;
			shellPath = /bin/sh;
			shellScript = "diff \"${PODS_PODFILE_DIR_PATH}/Podfile.lock\" \"${PODS_ROOT}/Manifest.lock\" > /dev/null\nif [ $? != 0 ] ; then\n    # print error to STDERR\n    echo \"error: The sandbox is not in sync with the Podfile.lock. Run 'pod install' or update your CocoaPods installation.\" >&2\n    exit 1\nfi\n# This output is used by Xcode 'outputs' to avoid re-running this script phase.\necho \"SUCCESS\" > \"${SCRIPT_OUTPUT_FILE_0}\"\n";
			showEnvVarsInLog = 0;
		};
/* End PBXShellScriptBuildPhase section */

/* Begin PBXSourcesBuildPhase section */
		08B3D7E422F3C896006A719F /* Sources */ = {
			isa = PBXSourcesBuildPhase;
			buildActionMask = 2147483647;
			files = (
				08B3D7F422F3C896006A719F /* PromisePlayground.xcdatamodeld in Sources */,
				08B3D7EE22F3C896006A719F /* MainViewController.swift in Sources */,
				08B3D7EC22F3C896006A719F /* AppDelegate.swift in Sources */,
			);
			runOnlyForDeploymentPostprocessing = 0;
		};
/* End PBXSourcesBuildPhase section */

/* Begin PBXVariantGroup section */
		08B3D7EF22F3C896006A719F /* Main.storyboard */ = {
			isa = PBXVariantGroup;
			children = (
				08B3D7F022F3C896006A719F /* Base */,
			);
			name = Main.storyboard;
			sourceTree = "<group>";
		};
		08B3D7F722F3C899006A719F /* LaunchScreen.storyboard */ = {
			isa = PBXVariantGroup;
			children = (
				08B3D7F822F3C899006A719F /* Base */,
			);
			name = LaunchScreen.storyboard;
			sourceTree = "<group>";
		};
/* End PBXVariantGroup section */

/* Begin XCBuildConfiguration section */
		08B3D7FB22F3C899006A719F /* Debug */ = {
			isa = XCBuildConfiguration;
			buildSettings = {
				ALWAYS_SEARCH_USER_PATHS = NO;
				CLANG_ANALYZER_NONNULL = YES;
				CLANG_ANALYZER_NUMBER_OBJECT_CONVERSION = YES_AGGRESSIVE;
				CLANG_CXX_LANGUAGE_STANDARD = "gnu++14";
				CLANG_CXX_LIBRARY = "libc++";
				CLANG_ENABLE_MODULES = YES;
				CLANG_ENABLE_OBJC_ARC = YES;
				CLANG_ENABLE_OBJC_WEAK = YES;
				CLANG_WARN_BLOCK_CAPTURE_AUTORELEASING = YES;
				CLANG_WARN_BOOL_CONVERSION = YES;
				CLANG_WARN_COMMA = YES;
				CLANG_WARN_CONSTANT_CONVERSION = YES;
				CLANG_WARN_DEPRECATED_OBJC_IMPLEMENTATIONS = YES;
				CLANG_WARN_DIRECT_OBJC_ISA_USAGE = YES_ERROR;
				CLANG_WARN_DOCUMENTATION_COMMENTS = YES;
				CLANG_WARN_EMPTY_BODY = YES;
				CLANG_WARN_ENUM_CONVERSION = YES;
				CLANG_WARN_INFINITE_RECURSION = YES;
				CLANG_WARN_INT_CONVERSION = YES;
				CLANG_WARN_NON_LITERAL_NULL_CONVERSION = YES;
				CLANG_WARN_OBJC_IMPLICIT_RETAIN_SELF = YES;
				CLANG_WARN_OBJC_LITERAL_CONVERSION = YES;
				CLANG_WARN_OBJC_ROOT_CLASS = YES_ERROR;
				CLANG_WARN_RANGE_LOOP_ANALYSIS = YES;
				CLANG_WARN_STRICT_PROTOTYPES = YES;
				CLANG_WARN_SUSPICIOUS_MOVE = YES;
				CLANG_WARN_UNGUARDED_AVAILABILITY = YES_AGGRESSIVE;
				CLANG_WARN_UNREACHABLE_CODE = YES;
				CLANG_WARN__DUPLICATE_METHOD_MATCH = YES;
				CODE_SIGN_IDENTITY = "iPhone Developer";
				COPY_PHASE_STRIP = NO;
				DEBUG_INFORMATION_FORMAT = dwarf;
				ENABLE_STRICT_OBJC_MSGSEND = YES;
				ENABLE_TESTABILITY = YES;
				GCC_C_LANGUAGE_STANDARD = gnu11;
				GCC_DYNAMIC_NO_PIC = NO;
				GCC_NO_COMMON_BLOCKS = YES;
				GCC_OPTIMIZATION_LEVEL = 0;
				GCC_PREPROCESSOR_DEFINITIONS = (
					"DEBUG=1",
					"$(inherited)",
				);
				GCC_WARN_64_TO_32_BIT_CONVERSION = YES;
				GCC_WARN_ABOUT_RETURN_TYPE = YES_ERROR;
				GCC_WARN_UNDECLARED_SELECTOR = YES;
				GCC_WARN_UNINITIALIZED_AUTOS = YES_AGGRESSIVE;
				GCC_WARN_UNUSED_FUNCTION = YES;
				GCC_WARN_UNUSED_VARIABLE = YES;
				IPHONEOS_DEPLOYMENT_TARGET = 12.0;
				MTL_ENABLE_DEBUG_INFO = INCLUDE_SOURCE;
				MTL_FAST_MATH = YES;
				ONLY_ACTIVE_ARCH = YES;
				SDKROOT = iphoneos;
				SWIFT_ACTIVE_COMPILATION_CONDITIONS = DEBUG;
				SWIFT_OPTIMIZATION_LEVEL = "-Onone";
			};
			name = Debug;
		};
		08B3D7FC22F3C899006A719F /* Release */ = {
			isa = XCBuildConfiguration;
			buildSettings = {
				ALWAYS_SEARCH_USER_PATHS = NO;
				CLANG_ANALYZER_NONNULL = YES;
				CLANG_ANALYZER_NUMBER_OBJECT_CONVERSION = YES_AGGRESSIVE;
				CLANG_CXX_LANGUAGE_STANDARD = "gnu++14";
				CLANG_CXX_LIBRARY = "libc++";
				CLANG_ENABLE_MODULES = YES;
				CLANG_ENABLE_OBJC_ARC = YES;
				CLANG_ENABLE_OBJC_WEAK = YES;
				CLANG_WARN_BLOCK_CAPTURE_AUTORELEASING = YES;
				CLANG_WARN_BOOL_CONVERSION = YES;
				CLANG_WARN_COMMA = YES;
				CLANG_WARN_CONSTANT_CONVERSION = YES;
				CLANG_WARN_DEPRECATED_OBJC_IMPLEMENTATIONS = YES;
				CLANG_WARN_DIRECT_OBJC_ISA_USAGE = YES_ERROR;
				CLANG_WARN_DOCUMENTATION_COMMENTS = YES;
				CLANG_WARN_EMPTY_BODY = YES;
				CLANG_WARN_ENUM_CONVERSION = YES;
				CLANG_WARN_INFINITE_RECURSION = YES;
				CLANG_WARN_INT_CONVERSION = YES;
				CLANG_WARN_NON_LITERAL_NULL_CONVERSION = YES;
				CLANG_WARN_OBJC_IMPLICIT_RETAIN_SELF = YES;
				CLANG_WARN_OBJC_LITERAL_CONVERSION = YES;
				CLANG_WARN_OBJC_ROOT_CLASS = YES_ERROR;
				CLANG_WARN_RANGE_LOOP_ANALYSIS = YES;
				CLANG_WARN_STRICT_PROTOTYPES = YES;
				CLANG_WARN_SUSPICIOUS_MOVE = YES;
				CLANG_WARN_UNGUARDED_AVAILABILITY = YES_AGGRESSIVE;
				CLANG_WARN_UNREACHABLE_CODE = YES;
				CLANG_WARN__DUPLICATE_METHOD_MATCH = YES;
				CODE_SIGN_IDENTITY = "iPhone Developer";
				COPY_PHASE_STRIP = NO;
				DEBUG_INFORMATION_FORMAT = "dwarf-with-dsym";
				ENABLE_NS_ASSERTIONS = NO;
				ENABLE_STRICT_OBJC_MSGSEND = YES;
				GCC_C_LANGUAGE_STANDARD = gnu11;
				GCC_NO_COMMON_BLOCKS = YES;
				GCC_WARN_64_TO_32_BIT_CONVERSION = YES;
				GCC_WARN_ABOUT_RETURN_TYPE = YES_ERROR;
				GCC_WARN_UNDECLARED_SELECTOR = YES;
				GCC_WARN_UNINITIALIZED_AUTOS = YES_AGGRESSIVE;
				GCC_WARN_UNUSED_FUNCTION = YES;
				GCC_WARN_UNUSED_VARIABLE = YES;
				IPHONEOS_DEPLOYMENT_TARGET = 12.0;
				MTL_ENABLE_DEBUG_INFO = NO;
				MTL_FAST_MATH = YES;
				SDKROOT = iphoneos;
				SWIFT_COMPILATION_MODE = wholemodule;
				SWIFT_OPTIMIZATION_LEVEL = "-O";
				VALIDATE_PRODUCT = YES;
			};
			name = Release;
		};
		08B3D7FE22F3C899006A719F /* Debug */ = {
			isa = XCBuildConfiguration;
			baseConfigurationReference = F8AC3CD54CE567A6419E5749 /* Pods-PromisePlayground.debug.xcconfig */;
			buildSettings = {
				ASSETCATALOG_COMPILER_APPICON_NAME = AppIcon;
				CODE_SIGN_STYLE = Automatic;
				DEVELOPMENT_TEAM = 89944GJ9HX;
				INFOPLIST_FILE = PromisePlayground/Info.plist;
				LD_RUNPATH_SEARCH_PATHS = (
					"$(inherited)",
					"@executable_path/Frameworks",
				);
				PRODUCT_BUNDLE_IDENTIFIER = kakeru.PromisePlayground;
				PRODUCT_NAME = "$(TARGET_NAME)";
				SWIFT_VERSION = 5.0;
				TARGETED_DEVICE_FAMILY = "1,2";
			};
			name = Debug;
		};
		08B3D7FF22F3C899006A719F /* Release */ = {
			isa = XCBuildConfiguration;
			baseConfigurationReference = 59DD6EC01D6D2573424D4FC8 /* Pods-PromisePlayground.release.xcconfig */;
			buildSettings = {
				ASSETCATALOG_COMPILER_APPICON_NAME = AppIcon;
				CODE_SIGN_STYLE = Automatic;
				DEVELOPMENT_TEAM = 89944GJ9HX;
				INFOPLIST_FILE = PromisePlayground/Info.plist;
				LD_RUNPATH_SEARCH_PATHS = (
					"$(inherited)",
					"@executable_path/Frameworks",
				);
				PRODUCT_BUNDLE_IDENTIFIER = kakeru.PromisePlayground;
				PRODUCT_NAME = "$(TARGET_NAME)";
				SWIFT_VERSION = 5.0;
				TARGETED_DEVICE_FAMILY = "1,2";
			};
			name = Release;
		};
/* End XCBuildConfiguration section */

/* Begin XCConfigurationList section */
		08B3D7E322F3C896006A719F /* Build configuration list for PBXProject "PromisePlayground" */ = {
			isa = XCConfigurationList;
			buildConfigurations = (
				08B3D7FB22F3C899006A719F /* Debug */,
				08B3D7FC22F3C899006A719F /* Release */,
			);
			defaultConfigurationIsVisible = 0;
			defaultConfigurationName = Release;
		};
		08B3D7FD22F3C899006A719F /* Build configuration list for PBXNativeTarget "PromisePlayground" */ = {
			isa = XCConfigurationList;
			buildConfigurations = (
				08B3D7FE22F3C899006A719F /* Debug */,
				08B3D7FF22F3C899006A719F /* Release */,
			);
			defaultConfigurationIsVisible = 0;
			defaultConfigurationName = Release;
		};
/* End XCConfigurationList section */

/* Begin XCVersionGroup section */
		08B3D7F222F3C896006A719F /* PromisePlayground.xcdatamodeld */ = {
			isa = XCVersionGroup;
			children = (
				08B3D7F322F3C896006A719F /* PromisePlayground.xcdatamodel */,
			);
			currentVersion = 08B3D7F322F3C896006A719F /* PromisePlayground.xcdatamodel */;
			path = PromisePlayground.xcdatamodeld;
			sourceTree = "<group>";
			versionGroupType = wrapper.xcdatamodel;
		};
/* End XCVersionGroup section */
	};
	rootObject = 08B3D7E022F3C896006A719F /* Project object */;
}
